
Microsoft Visual Studio Solution File, Format Version 12.00
Project("{FAE04EC0-301F-11D3-BF4B-00C04F79EFBC}") = "MoreWeapons", "MoreWeapons\MoreWeapons.csproj", "{5BBE6F47-B442-4F92-8DD6-534914B28B62}"
EndProject
Project("{FAE04EC0-301F-11D3-BF4B-00C04F79EFBC}") = "AModLib", "AModLib\AModLib.csproj", "{D2565B85-AB09-44CC-82E2-6308A651D5E3}"
EndProject
Project("{FAE04EC0-301F-11D3-BF4B-00C04F79EFBC}") = "RepoToast", "RepoToast\RepoToast.csproj", "{802EC10D-DB40-4E31-B516-713C55FEA000}"
EndProject
Global
	GlobalSection(SolutionConfigurationPlatforms) = preSolution
		Debug|Any CPU = Debug|Any CPU
		Release|Any CPU = Release|Any CPU
	EndGlobalSection
	GlobalSection(ProjectConfigurationPlatforms) = postSolution
		{5BBE6F47-B442-4F92-8DD6-534914B28B62}.Debug|Any CPU.ActiveCfg = Debug|Any CPU
		{5BBE6F47-B442-4F92-8DD6-534914B28B62}.Debug|Any CPU.Build.0 = Debug|Any CPU
		{5BBE6F47-B442-4F92-8DD6-534914B28B62}.Release|Any CPU.ActiveCfg = Release|Any CPU
		{5BBE6F47-B442-4F92-8DD6-534914B28B62}.Release|Any CPU.Build.0 = Release|Any CPU
		{D2565B85-AB09-44CC-82E2-6308A651D5E3}.Debug|Any CPU.ActiveCfg = Debug|Any CPU
		{D2565B85-AB09-44CC-82E2-6308A651D5E3}.Debug|Any CPU.Build.0 = Debug|Any CPU
		{D2565B85-AB09-44CC-82E2-6308A651D5E3}.Release|Any CPU.ActiveCfg = Release|Any CPU
		{D2565B85-AB09-44CC-82E2-6308A651D5E3}.Release|Any CPU.Build.0 = Release|Any CPU
		{802EC10D-DB40-4E31-B516-713C55FEA000}.Debug|Any CPU.ActiveCfg = Debug|Any CPU
		{802EC10D-DB40-4E31-B516-713C55FEA000}.Debug|Any CPU.Build.0 = Debug|Any CPU
		{802EC10D-DB40-4E31-B516-713C55FEA000}.Release|Any CPU.ActiveCfg = Release|Any CPU
		{802EC10D-DB40-4E31-B516-713C55FEA000}.Release|Any CPU.Build.0 = Release|Any CPU
	EndGlobalSection
EndGlobal
