
Microsoft Visual Studio Solution File, Format Version 12.00
Project("{FAE04EC0-301F-11D3-BF4B-00C04F79EFBC}") = "ExtraUpgradesPlus", "ExtraUpgradesPlus\ExtraUpgradesPlus.csproj", "{B8411EC7-8ADB-4D6B-80DE-348FC8A2ED3D}"
EndProject
Project("{FAE04EC0-301F-11D3-BF4B-00C04F79EFBC}") = "BetterRechargeDrone", "BetterRechargeDrone\BetterRechargeDrone.csproj", "{387D3E9D-12D0-4552-A406-C79DB62C1F23}"
EndProject
Project("{FAE04EC0-301F-11D3-BF4B-00C04F79EFBC}") = "ConfigurableWeapons", "ConfigurableWeapons\ConfigurableWeapons.csproj", "{78A67FC2-EA32-422E-92BE-C94FB37C0356}"
EndProject
Project("{FAE04EC0-301F-11D3-BF4B-00C04F79EFBC}") = "MoreWeapons", "MoreWeapons\MoreWeapons.csproj", "{5BBE6F47-B442-4F92-8DD6-534914B28B62}"
EndProject
Project("{FAE04EC0-301F-11D3-BF4B-00C04F79EFBC}") = "AModLib", "AModLib\AModLib.csproj", "{D2565B85-AB09-44CC-82E2-6308A651D5E3}"
EndProject
Project("{FAE04EC0-301F-11D3-BF4B-00C04F79EFBC}") = "BuildRepoAdditions", "BuildRepoAdditions\BuildRepoAdditions.csproj", "{A8E7BA4A-5C01-4B31-B339-4B915B85B8A1}"
EndProject
Global
	GlobalSection(SolutionConfigurationPlatforms) = preSolution
		Debug|Any CPU = Debug|Any CPU
		Release|Any CPU = Release|Any CPU
	EndGlobalSection
	GlobalSection(ProjectConfigurationPlatforms) = postSolution
		{B8411EC7-8ADB-4D6B-80DE-348FC8A2ED3D}.Debug|Any CPU.ActiveCfg = Debug|Any CPU
		{B8411EC7-8ADB-4D6B-80DE-348FC8A2ED3D}.Debug|Any CPU.Build.0 = Debug|Any CPU
		{B8411EC7-8ADB-4D6B-80DE-348FC8A2ED3D}.Release|Any CPU.ActiveCfg = Release|Any CPU
		{B8411EC7-8ADB-4D6B-80DE-348FC8A2ED3D}.Release|Any CPU.Build.0 = Release|Any CPU
		{387D3E9D-12D0-4552-A406-C79DB62C1F23}.Debug|Any CPU.ActiveCfg = Debug|Any CPU
		{387D3E9D-12D0-4552-A406-C79DB62C1F23}.Debug|Any CPU.Build.0 = Debug|Any CPU
		{387D3E9D-12D0-4552-A406-C79DB62C1F23}.Release|Any CPU.ActiveCfg = Release|Any CPU
		{387D3E9D-12D0-4552-A406-C79DB62C1F23}.Release|Any CPU.Build.0 = Release|Any CPU
		{78A67FC2-EA32-422E-92BE-C94FB37C0356}.Debug|Any CPU.ActiveCfg = Debug|Any CPU
		{78A67FC2-EA32-422E-92BE-C94FB37C0356}.Debug|Any CPU.Build.0 = Debug|Any CPU
		{78A67FC2-EA32-422E-92BE-C94FB37C0356}.Release|Any CPU.ActiveCfg = Release|Any CPU
		{78A67FC2-EA32-422E-92BE-C94FB37C0356}.Release|Any CPU.Build.0 = Release|Any CPU
		{5BBE6F47-B442-4F92-8DD6-534914B28B62}.Debug|Any CPU.ActiveCfg = Debug|Any CPU
		{5BBE6F47-B442-4F92-8DD6-534914B28B62}.Debug|Any CPU.Build.0 = Debug|Any CPU
		{5BBE6F47-B442-4F92-8DD6-534914B28B62}.Release|Any CPU.ActiveCfg = Release|Any CPU
		{5BBE6F47-B442-4F92-8DD6-534914B28B62}.Release|Any CPU.Build.0 = Release|Any CPU
		{D2565B85-AB09-44CC-82E2-6308A651D5E3}.Debug|Any CPU.ActiveCfg = Debug|Any CPU
		{D2565B85-AB09-44CC-82E2-6308A651D5E3}.Debug|Any CPU.Build.0 = Debug|Any CPU
		{D2565B85-AB09-44CC-82E2-6308A651D5E3}.Release|Any CPU.ActiveCfg = Release|Any CPU
		{D2565B85-AB09-44CC-82E2-6308A651D5E3}.Release|Any CPU.Build.0 = Release|Any CPU
		{A8E7BA4A-5C01-4B31-B339-4B915B85B8A1}.Debug|Any CPU.ActiveCfg = Debug|Any CPU
		{A8E7BA4A-5C01-4B31-B339-4B915B85B8A1}.Debug|Any CPU.Build.0 = Debug|Any CPU
		{A8E7BA4A-5C01-4B31-B339-4B915B85B8A1}.Release|Any CPU.ActiveCfg = Release|Any CPU
		{A8E7BA4A-5C01-4B31-B339-4B915B85B8A1}.Release|Any CPU.Build.0 = Release|Any CPU
	EndGlobalSection
EndGlobal
